
Microsoft Visual Studio Solution File, Format Version 12.00
# Visual Studio 2013
VisualStudioVersion = 12.0.30501.0
MinimumVisualStudioVersion = 10.0.40219.1
Project("{FAE04EC0-301F-11D3-BF4B-00C04F79EFBC}") = "OiWeb.Business", "OiWeb.Business\OiWeb.Business.csproj", "{774868AF-49FE-4C4C-8328-3790365CC21B}"
EndProject
Project("{FAE04EC0-301F-11D3-BF4B-00C04F79EFBC}") = "OiWeb.Data", "OiWeb.Data\OiWeb.Data.csproj", "{B5008757-4061-4881-9034-CFAAB0E472AD}"
EndProject
Project("{FAE04EC0-301F-11D3-BF4B-00C04F79EFBC}") = "OiWeb.Entity", "OiWeb.Entity\OiWeb.Entity.csproj", "{400D3C30-42DA-4E17-BC9D-62DBDC5D4C20}"
EndProject
Project("{FAE04EC0-301F-11D3-BF4B-00C04F79EFBC}") = "OiWeb.BarramentoWebAPI", "OiWeb.BarramentoWebAPI\OiWeb.BarramentoWebAPI.csproj", "{7A3A1FEA-A0A5-46AF-BFBC-B3F941B47AA1}"
EndProject
Project("{FAE04EC0-301F-11D3-BF4B-00C04F79EFBC}") = "OiWeb.CMS", "OiWeb.CMS\OiWeb.CMS.csproj", "{92A1EEAD-F937-4911-BE8D-416F13B73A2B}"
EndProject
Project("{FAE04EC0-301F-11D3-BF4B-00C04F79EFBC}") = "OiWeb.JsonGeneration", "OiWeb.JsonGeneration\OiWeb.JsonGeneration.csproj", "{99B3CE16-B70E-4B3F-83DD-65EB5B48B8C2}"
EndProject
Global
	GlobalSection(SolutionConfigurationPlatforms) = preSolution
		Debug|Any CPU = Debug|Any CPU
		Release|Any CPU = Release|Any CPU
	EndGlobalSection
	GlobalSection(ProjectConfigurationPlatforms) = postSolution
		{774868AF-49FE-4C4C-8328-3790365CC21B}.Debug|Any CPU.ActiveCfg = Debug|Any CPU
		{774868AF-49FE-4C4C-8328-3790365CC21B}.Debug|Any CPU.Build.0 = Debug|Any CPU
		{774868AF-49FE-4C4C-8328-3790365CC21B}.Release|Any CPU.ActiveCfg = Release|Any CPU
		{774868AF-49FE-4C4C-8328-3790365CC21B}.Release|Any CPU.Build.0 = Release|Any CPU
		{B5008757-4061-4881-9034-CFAAB0E472AD}.Debug|Any CPU.ActiveCfg = Debug|Any CPU
		{B5008757-4061-4881-9034-CFAAB0E472AD}.Debug|Any CPU.Build.0 = Debug|Any CPU
		{B5008757-4061-4881-9034-CFAAB0E472AD}.Release|Any CPU.ActiveCfg = Release|Any CPU
		{B5008757-4061-4881-9034-CFAAB0E472AD}.Release|Any CPU.Build.0 = Release|Any CPU
		{400D3C30-42DA-4E17-BC9D-62DBDC5D4C20}.Debug|Any CPU.ActiveCfg = Debug|Any CPU
		{400D3C30-42DA-4E17-BC9D-62DBDC5D4C20}.Debug|Any CPU.Build.0 = Debug|Any CPU
		{400D3C30-42DA-4E17-BC9D-62DBDC5D4C20}.Release|Any CPU.ActiveCfg = Release|Any CPU
		{400D3C30-42DA-4E17-BC9D-62DBDC5D4C20}.Release|Any CPU.Build.0 = Release|Any CPU
		{7A3A1FEA-A0A5-46AF-BFBC-B3F941B47AA1}.Debug|Any CPU.ActiveCfg = Debug|Any CPU
		{7A3A1FEA-A0A5-46AF-BFBC-B3F941B47AA1}.Debug|Any CPU.Build.0 = Debug|Any CPU
		{7A3A1FEA-A0A5-46AF-BFBC-B3F941B47AA1}.Release|Any CPU.ActiveCfg = Release|Any CPU
		{7A3A1FEA-A0A5-46AF-BFBC-B3F941B47AA1}.Release|Any CPU.Build.0 = Release|Any CPU
		{92A1EEAD-F937-4911-BE8D-416F13B73A2B}.Debug|Any CPU.ActiveCfg = Debug|Any CPU
		{92A1EEAD-F937-4911-BE8D-416F13B73A2B}.Debug|Any CPU.Build.0 = Debug|Any CPU
		{92A1EEAD-F937-4911-BE8D-416F13B73A2B}.Release|Any CPU.ActiveCfg = Release|Any CPU
		{92A1EEAD-F937-4911-BE8D-416F13B73A2B}.Release|Any CPU.Build.0 = Release|Any CPU
		{99B3CE16-B70E-4B3F-83DD-65EB5B48B8C2}.Debug|Any CPU.ActiveCfg = Debug|Any CPU
		{99B3CE16-B70E-4B3F-83DD-65EB5B48B8C2}.Debug|Any CPU.Build.0 = Debug|Any CPU
		{99B3CE16-B70E-4B3F-83DD-65EB5B48B8C2}.Release|Any CPU.ActiveCfg = Release|Any CPU
		{99B3CE16-B70E-4B3F-83DD-65EB5B48B8C2}.Release|Any CPU.Build.0 = Release|Any CPU
	EndGlobalSection
	GlobalSection(SolutionProperties) = preSolution
		HideSolutionNode = FALSE
	EndGlobalSection
EndGlobal
